// !$*UTF8*$!
{
	archiveVersion = 1;
	classes = {
	};
	objectVersion = 50;
	objects = {

/* Begin PBXBuildFile section */
		2720584224D72C630083EDAF /* MainViewController.swift in Sources */ = {isa = PBXBuildFile; fileRef = 2720584124D72C630083EDAF /* MainViewController.swift */; };
		2720584424D735C60083EDAF /* ResultsTableViewController.swift in Sources */ = {isa = PBXBuildFile; fileRef = 2720584324D735C60083EDAF /* ResultsTableViewController.swift */; };
		273C930A24C36CA00060ACC4 /* AppDelegate.swift in Sources */ = {isa = PBXBuildFile; fileRef = 273C930924C36CA00060ACC4 /* AppDelegate.swift */; };
		273C930C24C36CA00060ACC4 /* ViewController.swift in Sources */ = {isa = PBXBuildFile; fileRef = 273C930B24C36CA00060ACC4 /* ViewController.swift */; };
		273C930F24C36CA00060ACC4 /* Main.storyboard in Resources */ = {isa = PBXBuildFile; fileRef = 273C930D24C36CA00060ACC4 /* Main.storyboard */; };
		273C931124C36CA20060ACC4 /* Assets.xcassets in Resources */ = {isa = PBXBuildFile; fileRef = 273C931024C36CA20060ACC4 /* Assets.xcassets */; };
		273C931424C36CA20060ACC4 /* LaunchScreen.storyboard in Resources */ = {isa = PBXBuildFile; fileRef = 273C931224C36CA20060ACC4 /* LaunchScreen.storyboard */; };
		273C931C24C36CD20060ACC4 /* TMDbAccess.swift in Sources */ = {isa = PBXBuildFile; fileRef = 273C931B24C36CD20060ACC4 /* TMDbAccess.swift */; };
		273C931E24C6A2CD0060ACC4 /* TMDbAsker.swift in Sources */ = {isa = PBXBuildFile; fileRef = 273C931D24C6A2CD0060ACC4 /* TMDbAsker.swift */; };
/* End PBXBuildFile section */

/* Begin PBXFileReference section */
		2720584124D72C630083EDAF /* MainViewController.swift */ = {isa = PBXFileReference; lastKnownFileType = sourcecode.swift; path = MainViewController.swift; sourceTree = "<group>"; };
		2720584324D735C60083EDAF /* ResultsTableViewController.swift */ = {isa = PBXFileReference; lastKnownFileType = sourcecode.swift; path = ResultsTableViewController.swift; sourceTree = "<group>"; };
		273C930624C36CA00060ACC4 /* TMDbTest2.app */ = {isa = PBXFileReference; explicitFileType = wrapper.application; includeInIndex = 0; path = TMDbTest2.app; sourceTree = BUILT_PRODUCTS_DIR; };
		273C930924C36CA00060ACC4 /* AppDelegate.swift */ = {isa = PBXFileReference; lastKnownFileType = sourcecode.swift; path = AppDelegate.swift; sourceTree = "<group>"; };
		273C930B24C36CA00060ACC4 /* ViewController.swift */ = {isa = PBXFileReference; lastKnownFileType = sourcecode.swift; path = ViewController.swift; sourceTree = "<group>"; };
		273C930E24C36CA00060ACC4 /* Base */ = {isa = PBXFileReference; lastKnownFileType = file.storyboard; name = Base; path = Base.lproj/Main.storyboard; sourceTree = "<group>"; };
		273C931024C36CA20060ACC4 /* Assets.xcassets */ = {isa = PBXFileReference; lastKnownFileType = folder.assetcatalog; path = Assets.xcassets; sourceTree = "<group>"; };
		273C931324C36CA20060ACC4 /* Base */ = {isa = PBXFileReference; lastKnownFileType = file.storyboard; name = Base; path = Base.lproj/LaunchScreen.storyboard; sourceTree = "<group>"; };
		273C931524C36CA20060ACC4 /* Info.plist */ = {isa = PBXFileReference; lastKnownFileType = text.plist.xml; path = Info.plist; sourceTree = "<group>"; };
		273C931B24C36CD20060ACC4 /* TMDbAccess.swift */ = {isa = PBXFileReference; lastKnownFileType = sourcecode.swift; path = TMDbAccess.swift; sourceTree = "<group>"; };
		273C931D24C6A2CD0060ACC4 /* TMDbAsker.swift */ = {isa = PBXFileReference; lastKnownFileType = sourcecode.swift; path = TMDbAsker.swift; sourceTree = "<group>"; };
/* End PBXFileReference section */

/* Begin PBXFrameworksBuildPhase section */
		273C930324C36CA00060ACC4 /* Frameworks */ = {
			isa = PBXFrameworksBuildPhase;
			buildActionMask = 2147483647;
			files = (
			);
			runOnlyForDeploymentPostprocessing = 0;
		};
/* End PBXFrameworksBuildPhase section */

/* Begin PBXGroup section */
		2720584024D72B990083EDAF /* View Controllers */ = {
			isa = PBXGroup;
			children = (
				2720584324D735C60083EDAF /* ResultsTableViewController.swift */,
				2720584124D72C630083EDAF /* MainViewController.swift */,
			);
			path = "View Controllers";
			sourceTree = "<group>";
		};
		273C92FD24C36C9F0060ACC4 = {
			isa = PBXGroup;
			children = (
				273C930824C36CA00060ACC4 /* TMDbTest2 */,
				273C930724C36CA00060ACC4 /* Products */,
			);
			sourceTree = "<group>";
		};
		273C930724C36CA00060ACC4 /* Products */ = {
			isa = PBXGroup;
			children = (
				273C930624C36CA00060ACC4 /* TMDbTest2.app */,
			);
			name = Products;
			sourceTree = "<group>";
		};
		273C930824C36CA00060ACC4 /* TMDbTest2 */ = {
			isa = PBXGroup;
			children = (
				2720584024D72B990083EDAF /* View Controllers */,
				273C930924C36CA00060ACC4 /* AppDelegate.swift */,
				273C930B24C36CA00060ACC4 /* ViewController.swift */,
				273C931B24C36CD20060ACC4 /* TMDbAccess.swift */,
				273C931D24C6A2CD0060ACC4 /* TMDbAsker.swift */,
				273C930D24C36CA00060ACC4 /* Main.storyboard */,
				273C931024C36CA20060ACC4 /* Assets.xcassets */,
				273C931224C36CA20060ACC4 /* LaunchScreen.storyboard */,
				273C931524C36CA20060ACC4 /* Info.plist */,
			);
			path = TMDbTest2;
			sourceTree = "<group>";
		};
/* End PBXGroup section */

/* Begin PBXNativeTarget section */
		273C930524C36CA00060ACC4 /* TMDbTest2 */ = {
			isa = PBXNativeTarget;
			buildConfigurationList = 273C931824C36CA20060ACC4 /* Build configuration list for PBXNativeTarget "TMDbTest2" */;
			buildPhases = (
				273C930224C36CA00060ACC4 /* Sources */,
				273C930324C36CA00060ACC4 /* Frameworks */,
				273C930424C36CA00060ACC4 /* Resources */,
			);
			buildRules = (
			);
			dependencies = (
			);
			name = TMDbTest2;
			productName = TMDbTest2;
			productReference = 273C930624C36CA00060ACC4 /* TMDbTest2.app */;
			productType = "com.apple.product-type.application";
		};
/* End PBXNativeTarget section */

/* Begin PBXProject section */
		273C92FE24C36C9F0060ACC4 /* Project object */ = {
			isa = PBXProject;
			attributes = {
				LastSwiftUpdateCheck = 1020;
				LastUpgradeCheck = 1020;
				ORGANIZATIONNAME = MREink;
				TargetAttributes = {
					273C930524C36CA00060ACC4 = {
						CreatedOnToolsVersion = 10.2.1;
					};
				};
			};
			buildConfigurationList = 273C930124C36C9F0060ACC4 /* Build configuration list for PBXProject "TMDbTest2" */;
			compatibilityVersion = "Xcode 9.3";
			developmentRegion = en;
			hasScannedForEncodings = 0;
			knownRegions = (
				en,
				Base,
			);
			mainGroup = 273C92FD24C36C9F0060ACC4;
			productRefGroup = 273C930724C36CA00060ACC4 /* Products */;
			projectDirPath = "";
			projectRoot = "";
			targets = (
				273C930524C36CA00060ACC4 /* TMDbTest2 */,
			);
		};
/* End PBXProject section */

/* Begin PBXResourcesBuildPhase section */
		273C930424C36CA00060ACC4 /* Resources */ = {
			isa = PBXResourcesBuildPhase;
			buildActionMask = 2147483647;
			files = (
				273C931424C36CA20060ACC4 /* LaunchScreen.storyboard in Resources */,
				273C931124C36CA20060ACC4 /* Assets.xcassets in Resources */,
				273C930F24C36CA00060ACC4 /* Main.storyboard in Resources */,
			);
			runOnlyForDeploymentPostprocessing = 0;
		};
/* End PBXResourcesBuildPhase section */

/* Begin PBXSourcesBuildPhase section */
		273C930224C36CA00060ACC4 /* Sources */ = {
			isa = PBXSourcesBuildPhase;
			buildActionMask = 2147483647;
			files = (
				2720584424D735C60083EDAF /* ResultsTableViewController.swift in Sources */,
				273C931C24C36CD20060ACC4 /* TMDbAccess.swift in Sources */,
				273C930C24C36CA00060ACC4 /* ViewController.swift in Sources */,
				273C930A24C36CA00060ACC4 /* AppDelegate.swift in Sources */,
				273C931E24C6A2CD0060ACC4 /* TMDbAsker.swift in Sources */,
				2720584224D72C630083EDAF /* MainViewController.swift in Sources */,
			);
			runOnlyForDeploymentPostprocessing = 0;
		};
/* End PBXSourcesBuildPhase section */

/* Begin PBXVariantGroup section */
		273C930D24C36CA00060ACC4 /* Main.storyboard */ = {
			isa = PBXVariantGroup;
			children = (
				273C930E24C36CA00060ACC4 /* Base */,
			);
			name = Main.storyboard;
			sourceTree = "<group>";
		};
		273C931224C36CA20060ACC4 /* LaunchScreen.storyboard */ = {
			isa = PBXVariantGroup;
			children = (
				273C931324C36CA20060ACC4 /* Base */,
			);
			name = LaunchScreen.storyboard;
			sourceTree = "<group>";
		};
/* End PBXVariantGroup section */

/* Begin XCBuildConfiguration section */
		273C931624C36CA20060ACC4 /* Debug */ = {
			isa = XCBuildConfiguration;
			buildSettings = {
				ALWAYS_SEARCH_USER_PATHS = NO;
				CLANG_ANALYZER_NONNULL = YES;
				CLANG_ANALYZER_NUMBER_OBJECT_CONVERSION = YES_AGGRESSIVE;
				CLANG_CXX_LANGUAGE_STANDARD = "gnu++14";
				CLANG_CXX_LIBRARY = "libc++";
				CLANG_ENABLE_MODULES = YES;
				CLANG_ENABLE_OBJC_ARC = YES;
				CLANG_ENABLE_OBJC_WEAK = YES;
				CLANG_WARN_BLOCK_CAPTURE_AUTORELEASING = YES;
				CLANG_WARN_BOOL_CONVERSION = YES;
				CLANG_WARN_COMMA = YES;
				CLANG_WARN_CONSTANT_CONVERSION = YES;
				CLANG_WARN_DEPRECATED_OBJC_IMPLEMENTATIONS = YES;
				CLANG_WARN_DIRECT_OBJC_ISA_USAGE = YES_ERROR;
				CLANG_WARN_DOCUMENTATION_COMMENTS = YES;
				CLANG_WARN_EMPTY_BODY = YES;
				CLANG_WARN_ENUM_CONVERSION = YES;
				CLANG_WARN_INFINITE_RECURSION = YES;
				CLANG_WARN_INT_CONVERSION = YES;
				CLANG_WARN_NON_LITERAL_NULL_CONVERSION = YES;
				CLANG_WARN_OBJC_IMPLICIT_RETAIN_SELF = YES;
				CLANG_WARN_OBJC_LITERAL_CONVERSION = YES;
				CLANG_WARN_OBJC_ROOT_CLASS = YES_ERROR;
				CLANG_WARN_RANGE_LOOP_ANALYSIS = YES;
				CLANG_WARN_STRICT_PROTOTYPES = YES;
				CLANG_WARN_SUSPICIOUS_MOVE = YES;
				CLANG_WARN_UNGUARDED_AVAILABILITY = YES_AGGRESSIVE;
				CLANG_WARN_UNREACHABLE_CODE = YES;
				CLANG_WARN__DUPLICATE_METHOD_MATCH = YES;
				CODE_SIGN_IDENTITY = "iPhone Developer";
				COPY_PHASE_STRIP = NO;
				DEBUG_INFORMATION_FORMAT = dwarf;
				ENABLE_STRICT_OBJC_MSGSEND = YES;
				ENABLE_TESTABILITY = YES;
				GCC_C_LANGUAGE_STANDARD = gnu11;
				GCC_DYNAMIC_NO_PIC = NO;
				GCC_NO_COMMON_BLOCKS = YES;
				GCC_OPTIMIZATION_LEVEL = 0;
				GCC_PREPROCESSOR_DEFINITIONS = (
					"DEBUG=1",
					"$(inherited)",
				);
				GCC_WARN_64_TO_32_BIT_CONVERSION = YES;
				GCC_WARN_ABOUT_RETURN_TYPE = YES_ERROR;
				GCC_WARN_UNDECLARED_SELECTOR = YES;
				GCC_WARN_UNINITIALIZED_AUTOS = YES_AGGRESSIVE;
				GCC_WARN_UNUSED_FUNCTION = YES;
				GCC_WARN_UNUSED_VARIABLE = YES;
				IPHONEOS_DEPLOYMENT_TARGET = 12.2;
				MTL_ENABLE_DEBUG_INFO = INCLUDE_SOURCE;
				MTL_FAST_MATH = YES;
				ONLY_ACTIVE_ARCH = YES;
				SDKROOT = iphoneos;
				SWIFT_ACTIVE_COMPILATION_CONDITIONS = DEBUG;
				SWIFT_OPTIMIZATION_LEVEL = "-Onone";
			};
			name = Debug;
		};
		273C931724C36CA20060ACC4 /* Release */ = {
			isa = XCBuildConfiguration;
			buildSettings = {
				ALWAYS_SEARCH_USER_PATHS = NO;
				CLANG_ANALYZER_NONNULL = YES;
				CLANG_ANALYZER_NUMBER_OBJECT_CONVERSION = YES_AGGRESSIVE;
				CLANG_CXX_LANGUAGE_STANDARD = "gnu++14";
				CLANG_CXX_LIBRARY = "libc++";
				CLANG_ENABLE_MODULES = YES;
				CLANG_ENABLE_OBJC_ARC = YES;
				CLANG_ENABLE_OBJC_WEAK = YES;
				CLANG_WARN_BLOCK_CAPTURE_AUTORELEASING = YES;
				CLANG_WARN_BOOL_CONVERSION = YES;
				CLANG_WARN_COMMA = YES;
				CLANG_WARN_CONSTANT_CONVERSION = YES;
				CLANG_WARN_DEPRECATED_OBJC_IMPLEMENTATIONS = YES;
				CLANG_WARN_DIRECT_OBJC_ISA_USAGE = YES_ERROR;
				CLANG_WARN_DOCUMENTATION_COMMENTS = YES;
				CLANG_WARN_EMPTY_BODY = YES;
				CLANG_WARN_ENUM_CONVERSION = YES;
				CLANG_WARN_INFINITE_RECURSION = YES;
				CLANG_WARN_INT_CONVERSION = YES;
				CLANG_WARN_NON_LITERAL_NULL_CONVERSION = YES;
				CLANG_WARN_OBJC_IMPLICIT_RETAIN_SELF = YES;
				CLANG_WARN_OBJC_LITERAL_CONVERSION = YES;
				CLANG_WARN_OBJC_ROOT_CLASS = YES_ERROR;
				CLANG_WARN_RANGE_LOOP_ANALYSIS = YES;
				CLANG_WARN_STRICT_PROTOTYPES = YES;
				CLANG_WARN_SUSPICIOUS_MOVE = YES;
				CLANG_WARN_UNGUARDED_AVAILABILITY = YES_AGGRESSIVE;
				CLANG_WARN_UNREACHABLE_CODE = YES;
				CLANG_WARN__DUPLICATE_METHOD_MATCH = YES;
				CODE_SIGN_IDENTITY = "iPhone Developer";
				COPY_PHASE_STRIP = NO;
				DEBUG_INFORMATION_FORMAT = "dwarf-with-dsym";
				ENABLE_NS_ASSERTIONS = NO;
				ENABLE_STRICT_OBJC_MSGSEND = YES;
				GCC_C_LANGUAGE_STANDARD = gnu11;
				GCC_NO_COMMON_BLOCKS = YES;
				GCC_WARN_64_TO_32_BIT_CONVERSION = YES;
				GCC_WARN_ABOUT_RETURN_TYPE = YES_ERROR;
				GCC_WARN_UNDECLARED_SELECTOR = YES;
				GCC_WARN_UNINITIALIZED_AUTOS = YES_AGGRESSIVE;
				GCC_WARN_UNUSED_FUNCTION = YES;
				GCC_WARN_UNUSED_VARIABLE = YES;
				IPHONEOS_DEPLOYMENT_TARGET = 12.2;
				MTL_ENABLE_DEBUG_INFO = NO;
				MTL_FAST_MATH = YES;
				SDKROOT = iphoneos;
				SWIFT_COMPILATION_MODE = wholemodule;
				SWIFT_OPTIMIZATION_LEVEL = "-O";
				VALIDATE_PRODUCT = YES;
			};
			name = Release;
		};
		273C931924C36CA20060ACC4 /* Debug */ = {
			isa = XCBuildConfiguration;
			buildSettings = {
				ASSETCATALOG_COMPILER_APPICON_NAME = AppIcon;
				CODE_SIGN_STYLE = Automatic;
				DEVELOPMENT_TEAM = 6235PT4287;
				INFOPLIST_FILE = TMDbTest2/Info.plist;
				LD_RUNPATH_SEARCH_PATHS = (
					"$(inherited)",
					"@executable_path/Frameworks",
				);
				PRODUCT_BUNDLE_IDENTIFIER = com.michaelevans.TMDbTest2;
				PRODUCT_NAME = "$(TARGET_NAME)";
				SWIFT_VERSION = 5.0;
				TARGETED_DEVICE_FAMILY = "1,2";
			};
			name = Debug;
		};
		273C931A24C36CA20060ACC4 /* Release */ = {
			isa = XCBuildConfiguration;
			buildSettings = {
				ASSETCATALOG_COMPILER_APPICON_NAME = AppIcon;
				CODE_SIGN_STYLE = Automatic;
				DEVELOPMENT_TEAM = 6235PT4287;
				INFOPLIST_FILE = TMDbTest2/Info.plist;
				LD_RUNPATH_SEARCH_PATHS = (
					"$(inherited)",
					"@executable_path/Frameworks",
				);
				PRODUCT_BUNDLE_IDENTIFIER = com.michaelevans.TMDbTest2;
				PRODUCT_NAME = "$(TARGET_NAME)";
				SWIFT_VERSION = 5.0;
				TARGETED_DEVICE_FAMILY = "1,2";
			};
			name = Release;
		};
/* End XCBuildConfiguration section */

/* Begin XCConfigurationList section */
		273C930124C36C9F0060ACC4 /* Build configuration list for PBXProject "TMDbTest2" */ = {
			isa = XCConfigurationList;
			buildConfigurations = (
				273C931624C36CA20060ACC4 /* Debug */,
				273C931724C36CA20060ACC4 /* Release */,
			);
			defaultConfigurationIsVisible = 0;
			defaultConfigurationName = Release;
		};
		273C931824C36CA20060ACC4 /* Build configuration list for PBXNativeTarget "TMDbTest2" */ = {
			isa = XCConfigurationList;
			buildConfigurations = (
				273C931924C36CA20060ACC4 /* Debug */,
				273C931A24C36CA20060ACC4 /* Release */,
			);
			defaultConfigurationIsVisible = 0;
			defaultConfigurationName = Release;
		};
/* End XCConfigurationList section */
	};
	rootObject = 273C92FE24C36C9F0060ACC4 /* Project object */;
}
